// !$*UTF8*$!
{
	archiveVersion = 1;
	classes = {
	};
	objectVersion = 77;
	objects = {

/* Begin PBXContainerItemProxy section */
		C51FDBC52F08CAD100BE2805 /* PBXContainerItemProxy */ = {
			isa = PBXContainerItemProxy;
			containerPortal = C51FDBAC2F08CAD000BE2805 /* Project object */;
			proxyType = 1;
			remoteGlobalIDString = C51FDBB32F08CAD000BE2805;
			remoteInfo = Blot;
		};
		C51FDBCF2F08CAD100BE2805 /* PBXContainerItemProxy */ = {
			isa = PBXContainerItemProxy;
			containerPortal = C51FDBAC2F08CAD000BE2805 /* Project object */;
			proxyType = 1;
			remoteGlobalIDString = C51FDBB32F08CAD000BE2805;
			remoteInfo = Blot;
		};
/* End PBXContainerItemProxy section */

/* Begin PBXFileReference section */
		C51FDBB42F08CAD000BE2805 /* Blot.app */ = {isa = PBXFileReference; explicitFileType = wrapper.application; includeInIndex = 0; path = Blot.app; sourceTree = BUILT_PRODUCTS_DIR; };
		C51FDBC42F08CAD100BE2805 /* BlotTests.xctest */ = {isa = PBXFileReference; explicitFileType = wrapper.cfbundle; includeInIndex = 0; path = BlotTests.xctest; sourceTree = BUILT_PRODUCTS_DIR; };
		C51FDBCE2F08CAD100BE2805 /* BlotUITests.xctest */ = {isa = PBXFileReference; explicitFileType = wrapper.cfbundle; includeInIndex = 0; path = BlotUITests.xctest; sourceTree = BUILT_PRODUCTS_DIR; };
/* End PBXFileReference section */

/* Begin PBXFileSystemSynchronizedBuildFileExceptionSet section */
		C51FDBD62F08CAD100BE2805 /* Exceptions for "Blot" folder in "Blot" target */ = {
			isa = PBXFileSystemSynchronizedBuildFileExceptionSet;
			membershipExceptions = (
				Info.plist,
			);
			target = C51FDBB32F08CAD000BE2805 /* Blot */;
		};
/* End PBXFileSystemSynchronizedBuildFileExceptionSet section */

/* Begin PBXFileSystemSynchronizedRootGroup section */
		C51FDBB62F08CAD000BE2805 /* Blot */ = {
			isa = PBXFileSystemSynchronizedRootGroup;
			exceptions = (
				C51FDBD62F08CAD100BE2805 /* Exceptions for "Blot" folder in "Blot" target */,
			);
			path = Blot;
			sourceTree = "<group>";
		};
		C51FDBC72F08CAD100BE2805 /* BlotTests */ = {
			isa = PBXFileSystemSynchronizedRootGroup;
			path = BlotTests;
			sourceTree = "<group>";
		};
		C51FDBD12F08CAD100BE2805 /* BlotUITests */ = {
			isa = PBXFileSystemSynchronizedRootGroup;
			path = BlotUITests;
			sourceTree = "<group>";
		};
/* End PBXFileSystemSynchronizedRootGroup section */

/* Begin PBXFrameworksBuildPhase section */
		C51FDBB12F08CAD000BE2805 /* Frameworks */ = {
			isa = PBXFrameworksBuildPhase;
			buildActionMask = 2147483647;
			files = (
			);
			runOnlyForDeploymentPostprocessing = 0;
		};
		C51FDBC12F08CAD100BE2805 /* Frameworks */ = {
			isa = PBXFrameworksBuildPhase;
			buildActionMask = 2147483647;
			files = (
			);
			runOnlyForDeploymentPostprocessing = 0;
		};
		C51FDBCB2F08CAD100BE2805 /* Frameworks */ = {
			isa = PBXFrameworksBuildPhase;
			buildActionMask = 2147483647;
			files = (
			);
			runOnlyForDeploymentPostprocessing = 0;
		};
/* End PBXFrameworksBuildPhase section */

/* Begin PBXGroup section */
		C51FDBAB2F08CAD000BE2805 = {
			isa = PBXGroup;
			children = (
				C51FDBB62F08CAD000BE2805 /* Blot */,
				C51FDBC72F08CAD100BE2805 /* BlotTests */,
				C51FDBD12F08CAD100BE2805 /* BlotUITests */,
				C51FDBB52F08CAD000BE2805 /* Products */,
			);
			sourceTree = "<group>";
		};
		C51FDBB52F08CAD000BE2805 /* Products */ = {
			isa = PBXGroup;
			children = (
				C51FDBB42F08CAD000BE2805 /* Blot.app */,
				C51FDBC42F08CAD100BE2805 /* BlotTests.xctest */,
				C51FDBCE2F08CAD100BE2805 /* BlotUITests.xctest */,
			);
			name = Products;
			sourceTree = "<group>";
		};
/* End PBXGroup section */

/* Begin PBXNativeTarget section */
		C51FDBB32F08CAD000BE2805 /* Blot */ = {
			isa = PBXNativeTarget;
			buildConfigurationList = C51FDBD72F08CAD100BE2805 /* Build configuration list for PBXNativeTarget "Blot" */;
			buildPhases = (
				C51FDBB02F08CAD000BE2805 /* Sources */,
				C51FDBB12F08CAD000BE2805 /* Frameworks */,
				C51FDBB22F08CAD000BE2805 /* Resources */,
			);
			buildRules = (
			);
			dependencies = (
			);
			fileSystemSynchronizedGroups = (
				C51FDBB62F08CAD000BE2805 /* Blot */,
			);
			name = Blot;
			packageProductDependencies = (
			);
			productName = Blot;
			productReference = C51FDBB42F08CAD000BE2805 /* Blot.app */;
			productType = "com.apple.product-type.application";
		};
		C51FDBC32F08CAD100BE2805 /* BlotTests */ = {
			isa = PBXNativeTarget;
			buildConfigurationList = C51FDBDC2F08CAD100BE2805 /* Build configuration list for PBXNativeTarget "BlotTests" */;
			buildPhases = (
				C51FDBC02F08CAD100BE2805 /* Sources */,
				C51FDBC12F08CAD100BE2805 /* Frameworks */,
				C51FDBC22F08CAD100BE2805 /* Resources */,
			);
			buildRules = (
			);
			dependencies = (
				C51FDBC62F08CAD100BE2805 /* PBXTargetDependency */,
			);
			fileSystemSynchronizedGroups = (
				C51FDBC72F08CAD100BE2805 /* BlotTests */,
			);
			name = BlotTests;
			packageProductDependencies = (
			);
			productName = BlotTests;
			productReference = C51FDBC42F08CAD100BE2805 /* BlotTests.xctest */;
			productType = "com.apple.product-type.bundle.unit-test";
		};
		C51FDBCD2F08CAD100BE2805 /* BlotUITests */ = {
			isa = PBXNativeTarget;
			buildConfigurationList = C51FDBDF2F08CAD100BE2805 /* Build configuration list for PBXNativeTarget "BlotUITests" */;
			buildPhases = (
				C51FDBCA2F08CAD100BE2805 /* Sources */,
				C51FDBCB2F08CAD100BE2805 /* Frameworks */,
				C51FDBCC2F08CAD100BE2805 /* Resources */,
			);
			buildRules = (
			);
			dependencies = (
				C51FDBD02F08CAD100BE2805 /* PBXTargetDependency */,
			);
			fileSystemSynchronizedGroups = (
				C51FDBD12F08CAD100BE2805 /* BlotUITests */,
			);
			name = BlotUITests;
			packageProductDependencies = (
			);
			productName = BlotUITests;
			productReference = C51FDBCE2F08CAD100BE2805 /* BlotUITests.xctest */;
			productType = "com.apple.product-type.bundle.ui-testing";
		};
/* End PBXNativeTarget section */

/* Begin PBXProject section */
		C51FDBAC2F08CAD000BE2805 /* Project object */ = {
			isa = PBXProject;
			attributes = {
				BuildIndependentTargetsInParallel = 1;
				LastSwiftUpdateCheck = 2610;
				LastUpgradeCheck = 2610;
				TargetAttributes = {
					C51FDBB32F08CAD000BE2805 = {
						CreatedOnToolsVersion = 26.1;
					};
					C51FDBC32F08CAD100BE2805 = {
						CreatedOnToolsVersion = 26.1;
						TestTargetID = C51FDBB32F08CAD000BE2805;
					};
					C51FDBCD2F08CAD100BE2805 = {
						CreatedOnToolsVersion = 26.1;
						TestTargetID = C51FDBB32F08CAD000BE2805;
					};
				};
			};
			buildConfigurationList = C51FDBAF2F08CAD000BE2805 /* Build configuration list for PBXProject "Blot" */;
			developmentRegion = en;
			hasScannedForEncodings = 0;
			knownRegions = (
				en,
				Base,
			);
			mainGroup = C51FDBAB2F08CAD000BE2805;
			minimizedProjectReferenceProxies = 1;
			preferredProjectObjectVersion = 77;
			productRefGroup = C51FDBB52F08CAD000BE2805 /* Products */;
			projectDirPath = "";
			projectRoot = "";
			targets = (
				C51FDBB32F08CAD000BE2805 /* Blot */,
				C51FDBC32F08CAD100BE2805 /* BlotTests */,
				C51FDBCD2F08CAD100BE2805 /* BlotUITests */,
			);
		};
/* End PBXProject section */

/* Begin PBXResourcesBuildPhase section */
		C51FDBB22F08CAD000BE2805 /* Resources */ = {
			isa = PBXResourcesBuildPhase;
			buildActionMask = 2147483647;
			files = (
			);
			runOnlyForDeploymentPostprocessing = 0;
		};
		C51FDBC22F08CAD100BE2805 /* Resources */ = {
			isa = PBXResourcesBuildPhase;
			buildActionMask = 2147483647;
			files = (
			);
			runOnlyForDeploymentPostprocessing = 0;
		};
		C51FDBCC2F08CAD100BE2805 /* Resources */ = {
			isa = PBXResourcesBuildPhase;
			buildActionMask = 2147483647;
			files = (
			);
			runOnlyForDeploymentPostprocessing = 0;
		};
/* End PBXResourcesBuildPhase section */

/* Begin PBXSourcesBuildPhase section */
		C51FDBB02F08CAD000BE2805 /* Sources */ = {
			isa = PBXSourcesBuildPhase;
			buildActionMask = 2147483647;
			files = (
			);
			runOnlyForDeploymentPostprocessing = 0;
		};
		C51FDBC02F08CAD100BE2805 /* Sources */ = {
			isa = PBXSourcesBuildPhase;
			buildActionMask = 2147483647;
			files = (
			);
			runOnlyForDeploymentPostprocessing = 0;
		};
		C51FDBCA2F08CAD100BE2805 /* Sources */ = {
			isa = PBXSourcesBuildPhase;
			buildActionMask = 2147483647;
			files = (
			);
			runOnlyForDeploymentPostprocessing = 0;
		};
/* End PBXSourcesBuildPhase section */

/* Begin PBXTargetDependency section */
		C51FDBC62F08CAD100BE2805 /* PBXTargetDependency */ = {
			isa = PBXTargetDependency;
			target = C51FDBB32F08CAD000BE2805 /* Blot */;
			targetProxy = C51FDBC52F08CAD100BE2805 /* PBXContainerItemProxy */;
		};
		C51FDBD02F08CAD100BE2805 /* PBXTargetDependency */ = {
			isa = PBXTargetDependency;
			target = C51FDBB32F08CAD000BE2805 /* Blot */;
			targetProxy = C51FDBCF2F08CAD100BE2805 /* PBXContainerItemProxy */;
		};
/* End PBXTargetDependency section */

/* Begin XCBuildConfiguration section */
		C51FDBD82F08CAD100BE2805 /* Debug */ = {
			isa = XCBuildConfiguration;
			buildSettings = {
				ASSETCATALOG_COMPILER_APPICON_NAME = BlotIcon;
				ASSETCATALOG_COMPILER_GLOBAL_ACCENT_COLOR_NAME = AccentColor;
				CODE_SIGN_STYLE = Automatic;
				COMBINE_HIDPI_IMAGES = YES;
				CURRENT_PROJECT_VERSION = 1;
				DEVELOPMENT_TEAM = V5KQRA3STK;
				ENABLE_APP_SANDBOX = YES;
				ENABLE_HARDENED_RUNTIME = YES;
				ENABLE_PREVIEWS = YES;
				ENABLE_USER_SELECTED_FILES = readwrite;
				GENERATE_INFOPLIST_FILE = YES;
				INFOPLIST_FILE = Blot/Info.plist;
				INFOPLIST_KEY_CFBundleDisplayName = Blot;
				INFOPLIST_KEY_LSApplicationCategoryType = "public.app-category.utilities";
				INFOPLIST_KEY_NSHumanReadableCopyright = "";
				LD_RUNPATH_SEARCH_PATHS = (
					"$(inherited)",
					"@executable_path/../Frameworks",
				);
				MACOSX_DEPLOYMENT_TARGET = 13.5;
				MARKETING_VERSION = 1.0;
				PRODUCT_BUNDLE_IDENTIFIER = com.skushagra.Blot;
				PRODUCT_NAME = "$(TARGET_NAME)";
				REGISTER_APP_GROUPS = YES;
				STRING_CATALOG_GENERATE_SYMBOLS = YES;
				SWIFT_APPROACHABLE_CONCURRENCY = YES;
				SWIFT_DEFAULT_ACTOR_ISOLATION = MainActor;
				SWIFT_EMIT_LOC_STRINGS = YES;
				SWIFT_UPCOMING_FEATURE_MEMBER_IMPORT_VISIBILITY = YES;
				SWIFT_VERSION = 5.0;
			};
			name = Debug;
		};
		C51FDBD92F08CAD100BE2805 /* Release */ = {
			isa = XCBuildConfiguration;
			buildSettings = {
				ASSETCATALOG_COMPILER_APPICON_NAME = BlotIcon;
				ASSETCATALOG_COMPILER_GLOBAL_ACCENT_COLOR_NAME = AccentColor;
				CODE_SIGN_STYLE = Automatic;
				COMBINE_HIDPI_IMAGES = YES;
				CURRENT_PROJECT_VERSION = 1;
				DEVELOPMENT_TEAM = V5KQRA3STK;
				ENABLE_APP_SANDBOX = YES;
				ENABLE_HARDENED_RUNTIME = YES;
				ENABLE_PREVIEWS = YES;
				ENABLE_USER_SELECTED_FILES = readwrite;
				GENERATE_INFOPLIST_FILE = YES;
				INFOPLIST_FILE = Blot/Info.plist;
				INFOPLIST_KEY_CFBundleDisplayName = Blot;
				INFOPLIST_KEY_LSApplicationCategoryType = "public.app-category.utilities";
				INFOPLIST_KEY_NSHumanReadableCopyright = "";
				LD_RUNPATH_SEARCH_PATHS = (
					"$(inherited)",
					"@executable_path/../Frameworks",
				);
				MACOSX_DEPLOYMENT_TARGET = 13.5;
				MARKETING_VERSION = 1.0;
				PRODUCT_BUNDLE_IDENTIFIER = com.skushagra.Blot;
				PRODUCT_NAME = "$(TARGET_NAME)";
				REGISTER_APP_GROUPS = YES;
				STRING_CATALOG_GENERATE_SYMBOLS = YES;
				SWIFT_APPROACHABLE_CONCURRENCY = YES;
				SWIFT_DEFAULT_ACTOR_ISOLATION = MainActor;
				SWIFT_EMIT_LOC_STRINGS = YES;
				SWIFT_UPCOMING_FEATURE_MEMBER_IMPORT_VISIBILITY = YES;
				SWIFT_VERSION = 5.0;
			};
			name = Release;
		};
		C51FDBDA2F08CAD100BE2805 /* Debug */ = {
			isa = XCBuildConfiguration;
			buildSettings = {
				ALWAYS_SEARCH_USER_PATHS = NO;
				ASSETCATALOG_COMPILER_GENERATE_SWIFT_ASSET_SYMBOL_EXTENSIONS = YES;
				CLANG_ANALYZER_NONNULL = YES;
				CLANG_ANALYZER_NUMBER_OBJECT_CONVERSION = YES_AGGRESSIVE;
				CLANG_CXX_LANGUAGE_STANDARD = "gnu++20";
				CLANG_ENABLE_MODULES = YES;
				CLANG_ENABLE_OBJC_ARC = YES;
				CLANG_ENABLE_OBJC_WEAK = YES;
				CLANG_WARN_BLOCK_CAPTURE_AUTORELEASING = YES;
				CLANG_WARN_BOOL_CONVERSION = YES;
				CLANG_WARN_COMMA = YES;
				CLANG_WARN_CONSTANT_CONVERSION = YES;
				CLANG_WARN_DEPRECATED_OBJC_IMPLEMENTATIONS = YES;
				CLANG_WARN_DIRECT_OBJC_ISA_USAGE = YES_ERROR;
				CLANG_WARN_DOCUMENTATION_COMMENTS = YES;
				CLANG_WARN_EMPTY_BODY = YES;
				CLANG_WARN_ENUM_CONVERSION = YES;
				CLANG_WARN_INFINITE_RECURSION = YES;
				CLANG_WARN_INT_CONVERSION = YES;
				CLANG_WARN_NON_LITERAL_NULL_CONVERSION = YES;
				CLANG_WARN_OBJC_IMPLICIT_RETAIN_SELF = YES;
				CLANG_WARN_OBJC_LITERAL_CONVERSION = YES;
				CLANG_WARN_OBJC_ROOT_CLASS = YES_ERROR;
				CLANG_WARN_QUOTED_INCLUDE_IN_FRAMEWORK_HEADER = YES;
				CLANG_WARN_RANGE_LOOP_ANALYSIS = YES;
				CLANG_WARN_STRICT_PROTOTYPES = YES;
				CLANG_WARN_SUSPICIOUS_MOVE = YES;
				CLANG_WARN_UNGUARDED_AVAILABILITY = YES_AGGRESSIVE;
				CLANG_WARN_UNREACHABLE_CODE = YES;
				CLANG_WARN__DUPLICATE_METHOD_MATCH = YES;
				COPY_PHASE_STRIP = NO;
				DEBUG_INFORMATION_FORMAT = dwarf;
				DEVELOPMENT_TEAM = V5KQRA3STK;
				ENABLE_STRICT_OBJC_MSGSEND = YES;
				ENABLE_TESTABILITY = YES;
				ENABLE_USER_SCRIPT_SANDBOXING = YES;
				GCC_C_LANGUAGE_STANDARD = gnu17;
				GCC_DYNAMIC_NO_PIC = NO;
				GCC_NO_COMMON_BLOCKS = YES;
				GCC_OPTIMIZATION_LEVEL = 0;
				GCC_PREPROCESSOR_DEFINITIONS = (
					"DEBUG=1",
					"$(inherited)",
				);
				GCC_WARN_64_TO_32_BIT_CONVERSION = YES;
				GCC_WARN_ABOUT_RETURN_TYPE = YES_ERROR;
				GCC_WARN_UNDECLARED_SELECTOR = YES;
				GCC_WARN_UNINITIALIZED_AUTOS = YES_AGGRESSIVE;
				GCC_WARN_UNUSED_FUNCTION = YES;
				GCC_WARN_UNUSED_VARIABLE = YES;
				LOCALIZATION_PREFERS_STRING_CATALOGS = YES;
				MACOSX_DEPLOYMENT_TARGET = 26.1;
				MTL_ENABLE_DEBUG_INFO = INCLUDE_SOURCE;
				MTL_FAST_MATH = YES;
				ONLY_ACTIVE_ARCH = YES;
				SDKROOT = macosx;
				SWIFT_ACTIVE_COMPILATION_CONDITIONS = "DEBUG $(inherited)";
				SWIFT_OPTIMIZATION_LEVEL = "-Onone";
			};
			name = Debug;
		};
		C51FDBDB2F08CAD100BE2805 /* Release */ = {
			isa = XCBuildConfiguration;
			buildSettings = {
				ALWAYS_SEARCH_USER_PATHS = NO;
				ASSETCATALOG_COMPILER_GENERATE_SWIFT_ASSET_SYMBOL_EXTENSIONS = YES;
				CLANG_ANALYZER_NONNULL = YES;
				CLANG_ANALYZER_NUMBER_OBJECT_CONVERSION = YES_AGGRESSIVE;
				CLANG_CXX_LANGUAGE_STANDARD = "gnu++20";
				CLANG_ENABLE_MODULES = YES;
				CLANG_ENABLE_OBJC_ARC = YES;
				CLANG_ENABLE_OBJC_WEAK = YES;
				CLANG_WARN_BLOCK_CAPTURE_AUTORELEASING = YES;
				CLANG_WARN_BOOL_CONVERSION = YES;
				CLANG_WARN_COMMA = YES;
				CLANG_WARN_CONSTANT_CONVERSION = YES;
				CLANG_WARN_DEPRECATED_OBJC_IMPLEMENTATIONS = YES;
				CLANG_WARN_DIRECT_OBJC_ISA_USAGE = YES_ERROR;
				CLANG_WARN_DOCUMENTATION_COMMENTS = YES;
				CLANG_WARN_EMPTY_BODY = YES;
				CLANG_WARN_ENUM_CONVERSION = YES;
				CLANG_WARN_INFINITE_RECURSION = YES;
				CLANG_WARN_INT_CONVERSION = YES;
				CLANG_WARN_NON_LITERAL_NULL_CONVERSION = YES;
				CLANG_WARN_OBJC_IMPLICIT_RETAIN_SELF = YES;
				CLANG_WARN_OBJC_LITERAL_CONVERSION = YES;
				CLANG_WARN_OBJC_ROOT_CLASS = YES_ERROR;
				CLANG_WARN_QUOTED_INCLUDE_IN_FRAMEWORK_HEADER = YES;
				CLANG_WARN_RANGE_LOOP_ANALYSIS = YES;
				CLANG_WARN_STRICT_PROTOTYPES = YES;
				CLANG_WARN_SUSPICIOUS_MOVE = YES;
				CLANG_WARN_UNGUARDED_AVAILABILITY = YES_AGGRESSIVE;
				CLANG_WARN_UNREACHABLE_CODE = YES;
				CLANG_WARN__DUPLICATE_METHOD_MATCH = YES;
				COPY_PHASE_STRIP = NO;
				DEBUG_INFORMATION_FORMAT = "dwarf-with-dsym";
				DEVELOPMENT_TEAM = V5KQRA3STK;
				ENABLE_NS_ASSERTIONS = NO;
				ENABLE_STRICT_OBJC_MSGSEND = YES;
				ENABLE_USER_SCRIPT_SANDBOXING = YES;
				GCC_C_LANGUAGE_STANDARD = gnu17;
				GCC_NO_COMMON_BLOCKS = YES;
				GCC_WARN_64_TO_32_BIT_CONVERSION = YES;
				GCC_WARN_ABOUT_RETURN_TYPE = YES_ERROR;
				GCC_WARN_UNDECLARED_SELECTOR = YES;
				GCC_WARN_UNINITIALIZED_AUTOS = YES_AGGRESSIVE;
				GCC_WARN_UNUSED_FUNCTION = YES;
				GCC_WARN_UNUSED_VARIABLE = YES;
				LOCALIZATION_PREFERS_STRING_CATALOGS = YES;
				MACOSX_DEPLOYMENT_TARGET = 26.1;
				MTL_ENABLE_DEBUG_INFO = NO;
				MTL_FAST_MATH = YES;
				SDKROOT = macosx;
				SWIFT_COMPILATION_MODE = wholemodule;
			};
			name = Release;
		};
		C51FDBDD2F08CAD100BE2805 /* Debug */ = {
			isa = XCBuildConfiguration;
			buildSettings = {
				BUNDLE_LOADER = "$(TEST_HOST)";
				CODE_SIGN_STYLE = Automatic;
				CURRENT_PROJECT_VERSION = 1;
				DEVELOPMENT_TEAM = V5KQRA3STK;
				GENERATE_INFOPLIST_FILE = YES;
				MACOSX_DEPLOYMENT_TARGET = 26.1;
				MARKETING_VERSION = 1.0;
				PRODUCT_BUNDLE_IDENTIFIER = com.skushagra.BlotTests;
				PRODUCT_NAME = "$(TARGET_NAME)";
				STRING_CATALOG_GENERATE_SYMBOLS = NO;
				SWIFT_APPROACHABLE_CONCURRENCY = YES;
				SWIFT_EMIT_LOC_STRINGS = NO;
				SWIFT_UPCOMING_FEATURE_MEMBER_IMPORT_VISIBILITY = YES;
				SWIFT_VERSION = 5.0;
				TEST_HOST = "$(BUILT_PRODUCTS_DIR)/Blot.app/$(BUNDLE_EXECUTABLE_FOLDER_PATH)/Blot";
			};
			name = Debug;
		};
		C51FDBDE2F08CAD100BE2805 /* Release */ = {
			isa = XCBuildConfiguration;
			buildSettings = {
				BUNDLE_LOADER = "$(TEST_HOST)";
				CODE_SIGN_STYLE = Automatic;
				CURRENT_PROJECT_VERSION = 1;
				DEVELOPMENT_TEAM = V5KQRA3STK;
				GENERATE_INFOPLIST_FILE = YES;
				MACOSX_DEPLOYMENT_TARGET = 26.1;
				MARKETING_VERSION = 1.0;
				PRODUCT_BUNDLE_IDENTIFIER = com.skushagra.BlotTests;
				PRODUCT_NAME = "$(TARGET_NAME)";
				STRING_CATALOG_GENERATE_SYMBOLS = NO;
				SWIFT_APPROACHABLE_CONCURRENCY = YES;
				SWIFT_EMIT_LOC_STRINGS = NO;
				SWIFT_UPCOMING_FEATURE_MEMBER_IMPORT_VISIBILITY = YES;
				SWIFT_VERSION = 5.0;
				TEST_HOST = "$(BUILT_PRODUCTS_DIR)/Blot.app/$(BUNDLE_EXECUTABLE_FOLDER_PATH)/Blot";
			};
			name = Release;
		};
		C51FDBE02F08CAD100BE2805 /* Debug */ = {
			isa = XCBuildConfiguration;
			buildSettings = {
				CODE_SIGN_STYLE = Automatic;
				CURRENT_PROJECT_VERSION = 1;
				DEVELOPMENT_TEAM = V5KQRA3STK;
				GENERATE_INFOPLIST_FILE = YES;
				MARKETING_VERSION = 1.0;
				PRODUCT_BUNDLE_IDENTIFIER = com.skushagra.BlotUITests;
				PRODUCT_NAME = "$(TARGET_NAME)";
				STRING_CATALOG_GENERATE_SYMBOLS = NO;
				SWIFT_APPROACHABLE_CONCURRENCY = YES;
				SWIFT_EMIT_LOC_STRINGS = NO;
				SWIFT_UPCOMING_FEATURE_MEMBER_IMPORT_VISIBILITY = YES;
				SWIFT_VERSION = 5.0;
				TEST_TARGET_NAME = Blot;
			};
			name = Debug;
		};
		C51FDBE12F08CAD100BE2805 /* Release */ = {
			isa = XCBuildConfiguration;
			buildSettings = {
				CODE_SIGN_STYLE = Automatic;
				CURRENT_PROJECT_VERSION = 1;
				DEVELOPMENT_TEAM = V5KQRA3STK;
				GENERATE_INFOPLIST_FILE = YES;
				MARKETING_VERSION = 1.0;
				PRODUCT_BUNDLE_IDENTIFIER = com.skushagra.BlotUITests;
				PRODUCT_NAME = "$(TARGET_NAME)";
				STRING_CATALOG_GENERATE_SYMBOLS = NO;
				SWIFT_APPROACHABLE_CONCURRENCY = YES;
				SWIFT_EMIT_LOC_STRINGS = NO;
				SWIFT_UPCOMING_FEATURE_MEMBER_IMPORT_VISIBILITY = YES;
				SWIFT_VERSION = 5.0;
				TEST_TARGET_NAME = Blot;
			};
			name = Release;
		};
/* End XCBuildConfiguration section */

/* Begin XCConfigurationList section */
		C51FDBAF2F08CAD000BE2805 /* Build configuration list for PBXProject "Blot" */ = {
			isa = XCConfigurationList;
			buildConfigurations = (
				C51FDBDA2F08CAD100BE2805 /* Debug */,
				C51FDBDB2F08CAD100BE2805 /* Release */,
			);
			defaultConfigurationIsVisible = 0;
			defaultConfigurationName = Release;
		};
		C51FDBD72F08CAD100BE2805 /* Build configuration list for PBXNativeTarget "Blot" */ = {
			isa = XCConfigurationList;
			buildConfigurations = (
				C51FDBD82F08CAD100BE2805 /* Debug */,
				C51FDBD92F08CAD100BE2805 /* Release */,
			);
			defaultConfigurationIsVisible = 0;
			defaultConfigurationName = Release;
		};
		C51FDBDC2F08CAD100BE2805 /* Build configuration list for PBXNativeTarget "BlotTests" */ = {
			isa = XCConfigurationList;
			buildConfigurations = (
				C51FDBDD2F08CAD100BE2805 /* Debug */,
				C51FDBDE2F08CAD100BE2805 /* Release */,
			);
			defaultConfigurationIsVisible = 0;
			defaultConfigurationName = Release;
		};
		C51FDBDF2F08CAD100BE2805 /* Build configuration list for PBXNativeTarget "BlotUITests" */ = {
			isa = XCConfigurationList;
			buildConfigurations = (
				C51FDBE02F08CAD100BE2805 /* Debug */,
				C51FDBE12F08CAD100BE2805 /* Release */,
			);
			defaultConfigurationIsVisible = 0;
			defaultConfigurationName = Release;
		};
/* End XCConfigurationList section */
	};
	rootObject = C51FDBAC2F08CAD000BE2805 /* Project object */;
}
